<?xml version="1.0" encoding="utf-8"?>
<Project DefaultTargets="Build" ToolsVersion="4.0" xmlns="http://schemas.microsoft.com/developer/msbuild/2003">
  <PropertyGroup>
    <Configuration Condition=" '$(Configuration)' == '' ">Debug</Configuration>
    <Platform Condition=" '$(Platform)' == '' ">AnyCPU</Platform>
    <ProductVersion>10.0.0</ProductVersion>
    <SchemaVersion>2.0</SchemaVersion>
    <ProjectGuid>{DF32363E-1F01-4C88-8ACC-734F07B3D72F}</ProjectGuid>
    <PreferOneStepBuild>True</PreferOneStepBuild>
    <UseDefaultCompiler>True</UseDefaultCompiler>
    <IncrementalLinking>True</IncrementalLinking>
  </PropertyGroup>
  <PropertyGroup Condition=" '$(Configuration)|$(Platform)' == 'Debug|AnyCPU' ">
    <DebugSymbols>True</DebugSymbols>
    <OutputPath>bin\Debug</OutputPath>
    <Externalconsole>True</Externalconsole>
    <Target>Executable</Target>
    <OutputName>Client</OutputName>
    <UnittestMode>False</UnittestMode>
    <ObjectsDirectory>obj\Debug</ObjectsDirectory>
    <DebugLevel>0</DebugLevel>
    <CustomCommands>
      <CustomCommands>
        <Command type="Build" command="rdmd compile.d client debug" workingdir="..\..\..\scripts" />
        <Command type="Execute" command="FostomClient" workingdir="..\..\..\bin" externalConsole="True" pauseExternalConsole="True" />
      </CustomCommands>
    </CustomCommands>
  </PropertyGroup>
  <PropertyGroup Condition=" '$(Configuration)|$(Platform)' == 'Release|AnyCPU' ">
    <OutputPath>bin\Release</OutputPath>
    <Externalconsole>True</Externalconsole>
    <Target>Executable</Target>
    <OutputName>Client</OutputName>
    <UnittestMode>False</UnittestMode>
    <ObjectsDirectory>obj\Release</ObjectsDirectory>
    <DebugLevel>0</DebugLevel>
    <CustomCommands>
      <CustomCommands>
        <Command type="Build" command="rdmd compile.d client release" workingdir="..\..\..\scripts" />
        <Command type="Execute" command="FostomClient" workingdir="..\..\..\bin" externalConsole="True" pauseExternalConsole="True" />
      </CustomCommands>
    </CustomCommands>
  </PropertyGroup>
  <ItemGroup>
    <Folder Include="client\" />
    <Folder Include="util\" />
  </ItemGroup>
  <ItemGroup>
    <Compile Include="..\..\..\src\client\app.d">
      <Link>client\app.d</Link>
    </Compile>
    <Compile Include="..\..\..\src\client\camera.d">
      <Link>client\camera.d</Link>
    </Compile>
    <Compile Include="..\..\..\src\client\clworld.d">
      <Link>client\clworld.d</Link>
    </Compile>
    <Compile Include="..\..\..\src\client\graphconf.d">
      <Link>client\graphconf.d</Link>
    </Compile>
    <Compile Include="..\..\..\src\client\main.d">
      <Link>client\main.d</Link>
    </Compile>
    <Compile Include="..\..\..\src\client\mainworld.d">
      <Link>client\mainworld.d</Link>
    </Compile>
    <Compile Include="..\..\..\src\client\rendersys.d">
      <Link>client\rendersys.d</Link>
    </Compile>
    <Compile Include="..\..\..\src\client\scenemanager.d">
      <Link>client\scenemanager.d</Link>
    </Compile>
    <Compile Include="..\..\..\src\client\scenenode.d">
      <Link>client\scenenode.d</Link>
    </Compile>
    <Compile Include="..\..\..\src\client\stdscenemanager.d">
      <Link>client\stdscenemanager.d</Link>
    </Compile>
    <Compile Include="..\..\..\src\client\texture.d">
      <Link>client\texture.d</Link>
    </Compile>
    <Compile Include="..\..\..\src\client\model\kdmodelcodec.d">
      <Link>client\model\kdmodelcodec.d</Link>
    </Compile>
    <Compile Include="..\..\..\src\client\model\manualmodel.d">
      <Link>client\model\manualmodel.d</Link>
    </Compile>
    <Compile Include="..\..\..\src\client\model\material.d">
      <Link>client\model\material.d</Link>
    </Compile>
    <Compile Include="..\..\..\src\client\model\mesh.d">
      <Link>client\model\mesh.d</Link>
    </Compile>
    <Compile Include="..\..\..\src\client\model\model.d">
      <Link>client\model\model.d</Link>
    </Compile>
    <Compile Include="..\..\..\src\client\model\objcodec.d">
      <Link>client\model\objcodec.d</Link>
    </Compile>
    <Compile Include="..\..\..\src\client\shaders\clprog.d">
      <Link>client\shaders\clprog.d</Link>
    </Compile>
    <Compile Include="..\..\..\src\client\shaders\coneRayTracing.d">
      <Link>client\shaders\coneRayTracing.d</Link>
    </Compile>
    <Compile Include="..\..\..\src\client\shaders\gameLife.d">
      <Link>client\shaders\gameLife.d</Link>
    </Compile>
    <Compile Include="..\..\..\src\client\shaders\opencl.d">
      <Link>client\shaders\opencl.d</Link>
    </Compile>
    <Compile Include="..\..\..\src\client\shaders\terrainRenderer.d">
      <Link>client\shaders\terrainRenderer.d</Link>
    </Compile>
    <Compile Include="..\..\..\src\util\codec.d">
      <Link>util\codec.d</Link>
    </Compile>
    <Compile Include="..\..\..\src\util\codecmng.d">
      <Link>util\codecmng.d</Link>
    </Compile>
    <Compile Include="..\..\..\src\util\color.d">
      <Link>util\color.d</Link>
    </Compile>
    <Compile Include="..\..\..\src\util\common.d">
      <Link>util\common.d</Link>
    </Compile>
    <Compile Include="..\..\..\src\util\conf.d">
      <Link>util\conf.d</Link>
    </Compile>
    <Compile Include="..\..\..\src\util\dispatching.d">
      <Link>util\dispatching.d</Link>
    </Compile>
    <Compile Include="..\..\..\src\util\iprotocol.d">
      <Link>util\iprotocol.d</Link>
    </Compile>
    <Compile Include="..\..\..\src\util\linkedarray.d">
      <Link>util\linkedarray.d</Link>
    </Compile>
    <Compile Include="..\..\..\src\util\list.d">
      <Link>util\list.d</Link>
    </Compile>
    <Compile Include="..\..\..\src\util\log.d">
      <Link>util\log.d</Link>
    </Compile>
    <Compile Include="..\..\..\src\util\matrix.d">
      <Link>util\matrix.d</Link>
    </Compile>
    <Compile Include="..\..\..\src\util\parser.d">
      <Link>util\parser.d</Link>
    </Compile>
    <Compile Include="..\..\..\src\util\protocol.d">
      <Link>util\protocol.d</Link>
    </Compile>
    <Compile Include="..\..\..\src\util\quaternion.d">
      <Link>util\quaternion.d</Link>
    </Compile>
    <Compile Include="..\..\..\src\util\singleton.d">
      <Link>util\singleton.d</Link>
    </Compile>
    <Compile Include="..\..\..\src\util\vector.d">
      <Link>util\vector.d</Link>
    </Compile>
    <Compile Include="..\..\..\src\util\allocators\pagepool.d">
      <Link>util\allocators\pagepool.d</Link>
    </Compile>
    <Compile Include="..\..\..\src\util\concomms\commandmng.d">
      <Link>util\concomms\commandmng.d</Link>
    </Compile>
    <Compile Include="..\..\..\src\util\concomms\get.d">
      <Link>util\concomms\get.d</Link>
    </Compile>
    <Compile Include="..\..\..\src\util\concomms\help.d">
      <Link>util\concomms\help.d</Link>
    </Compile>
    <Compile Include="..\..\..\src\util\generators\cubegen.d">
      <Link>util\generators\cubegen.d</Link>
    </Compile>
    <Compile Include="..\..\..\src\util\generators\generator.d">
      <Link>util\generators\generator.d</Link>
    </Compile>
    <Compile Include="..\..\..\src\util\model\octree.d">
      <Link>util\model\octree.d</Link>
    </Compile>
    <Compile Include="..\..\..\src\util\net\clSocketManager.d">
      <Link>util\net\clSocketManager.d</Link>
    </Compile>
    <Compile Include="..\..\..\src\util\net\socket.d">
      <Link>util\net\socket.d</Link>
    </Compile>
    <Compile Include="..\..\..\src\util\net\socketManager.d">
      <Link>util\net\socketManager.d</Link>
    </Compile>
    <Compile Include="..\..\..\src\util\resources\archive.d">
      <Link>util\resources\archive.d</Link>
    </Compile>
    <Compile Include="..\..\..\src\util\resources\archivemng.d">
      <Link>util\resources\archivemng.d</Link>
    </Compile>
    <Compile Include="..\..\..\src\util\resources\filesys.d">
      <Link>util\resources\filesys.d</Link>
    </Compile>
    <Compile Include="..\..\..\src\util\resources\resgroup.d">
      <Link>util\resources\resgroup.d</Link>
    </Compile>
    <Compile Include="..\..\..\src\util\resources\resmng.d">
      <Link>util\resources\resmng.d</Link>
    </Compile>
    <Compile Include="..\..\..\src\util\resources\resource.d">
      <Link>util\resources\resource.d</Link>
    </Compile>
    <Compile Include="..\..\..\src\util\serialization\binary.d">
      <Link>util\serialization\binary.d</Link>
    </Compile>
    <Compile Include="..\..\..\src\util\serialization\gendoc.d">
      <Link>util\serialization\gendoc.d</Link>
    </Compile>
    <Compile Include="..\..\..\src\util\serialization\serializer.d">
      <Link>util\serialization\serializer.d</Link>
    </Compile>
    <Compile Include="..\..\..\src\util\standarts\model.d">
      <Link>util\standarts\model.d</Link>
    </Compile>
    <Compile Include="..\..\..\src\util\terrain\cubegen.d">
      <Link>util\terrain\cubegen.d</Link>
    </Compile>
    <Compile Include="..\..\..\src\util\terrain\kdtree.d">
      <Link>util\terrain\kdtree.d</Link>
    </Compile>
    <Compile Include="..\..\..\src\util\terrain\material.d">
      <Link>util\terrain\material.d</Link>
    </Compile>
    <Compile Include="..\..\..\src\util\terrain\spheregen.d">
      <Link>util\terrain\spheregen.d</Link>
    </Compile>
  </ItemGroup>
</Project>